{
    "_readme": [
        "This file locks the dependencies of your project to a known state",
        "Read more about it at https://getcomposer.org/doc/01-basic-usage.md#composer-lock-the-lock-file",
        "This file is @generated automatically"
    ],
    "hash": "c61c06dead05bd1e446eb06a8c289253",
    "content-hash": "18965be9a6c83e05debdaa6a9c0fe30a",
    "packages": [
        {
            "name": "guzzlehttp/guzzle",
            "version": "6.2.2",
            "source": {
                "type": "git",
                "url": "https://github.com/guzzle/guzzle.git",
                "reference": "ebf29dee597f02f09f4d5bbecc68230ea9b08f60"
            },
            "dist": {
                "type": "zip",
                "url": "https://api.github.com/repos/guzzle/guzzle/zipball/ebf29dee597f02f09f4d5bbecc68230ea9b08f60",
                "reference": "ebf29dee597f02f09f4d5bbecc68230ea9b08f60",
                "shasum": ""
            },
            "require": {
                "guzzlehttp/promises": "^1.0",
                "guzzlehttp/psr7": "^1.3.1",
                "php": ">=5.5"
            },
            "require-dev": {
                "ext-curl": "*",
                "phpunit/phpunit": "^4.0",
                "psr/log": "^1.0"
            },
            "type": "library",
            "extra": {
                "branch-alias": {
                    "dev-master": "6.2-dev"
                }
            },
            "autoload": {
                "files": [
                    "src/functions_include.php"
                ],
                "psr-4": {
                    "GuzzleHttp\\": "src/"
                }
            },
            "notification-url": "https://packagist.org/downloads/",
            "license": [
                "MIT"
            ],
            "authors": [
                {
                    "name": "Michael Dowling",
                    "email": "mtdowling@gmail.com",
                    "homepage": "https://github.com/mtdowling"
                }
            ],
            "description": "Guzzle is a PHP HTTP client library",
            "homepage": "http://guzzlephp.org/",
            "keywords": [
                "client",
                "curl",
                "framework",
                "http",
                "http client",
                "rest",
                "web service"
            ],
            "time": "2016-10-08 15:01:37"
        },
        {
            "name": "guzzlehttp/promises",
            "version": "1.3.0",
            "source": {
                "type": "git",
                "url": "https://github.com/guzzle/promises.git",
                "reference": "2693c101803ca78b27972d84081d027fca790a1e"
            },
            "dist": {
                "type": "zip",
                "url": "https://api.github.com/repos/guzzle/promises/zipball/2693c101803ca78b27972d84081d027fca790a1e",
                "reference": "2693c101803ca78b27972d84081d027fca790a1e",
                "shasum": ""
            },
            "require": {
                "php": ">=5.5.0"
            },
            "require-dev": {
                "phpunit/phpunit": "~4.0"
            },
            "type": "library",
            "extra": {
                "branch-alias": {
                    "dev-master": "1.0-dev"
                }
            },
            "autoload": {
                "psr-4": {
                    "GuzzleHttp\\Promise\\": "src/"
                },
                "files": [
                    "src/functions_include.php"
                ]
            },
            "notification-url": "https://packagist.org/downloads/",
            "license": [
                "MIT"
            ],
            "authors": [
                {
                    "name": "Michael Dowling",
                    "email": "mtdowling@gmail.com",
                    "homepage": "https://github.com/mtdowling"
                }
            ],
            "description": "Guzzle promises library",
            "keywords": [
                "promise"
            ],
            "time": "2016-11-18 17:47:58"
        },
        {
            "name": "guzzlehttp/psr7",
            "version": "1.3.1",
            "source": {
                "type": "git",
                "url": "https://github.com/guzzle/psr7.git",
                "reference": "5c6447c9df362e8f8093bda8f5d8873fe5c7f65b"
            },
            "dist": {
                "type": "zip",
                "url": "https://api.github.com/repos/guzzle/psr7/zipball/5c6447c9df362e8f8093bda8f5d8873fe5c7f65b",
                "reference": "5c6447c9df362e8f8093bda8f5d8873fe5c7f65b",
                "shasum": ""
            },
            "require": {
                "php": ">=5.4.0",
                "psr/http-message": "~1.0"
            },
            "provide": {
                "psr/http-message-implementation": "1.0"
            },
            "require-dev": {
                "phpunit/phpunit": "~4.0"
            },
            "type": "library",
            "extra": {
                "branch-alias": {
                    "dev-master": "1.4-dev"
                }
            },
            "autoload": {
                "psr-4": {
                    "GuzzleHttp\\Psr7\\": "src/"
                },
                "files": [
                    "src/functions_include.php"
                ]
            },
            "notification-url": "https://packagist.org/downloads/",
            "license": [
                "MIT"
            ],
            "authors": [
                {
                    "name": "Michael Dowling",
                    "email": "mtdowling@gmail.com",
                    "homepage": "https://github.com/mtdowling"
                }
            ],
            "description": "PSR-7 message implementation",
            "keywords": [
                "http",
                "message",
                "stream",
                "uri"
            ],
            "time": "2016-06-24 23:00:38"
        },
        {
            "name": "ircmaxell/random-lib",
            "version": "v1.2.0",
            "source": {
                "type": "git",
                "url": "https://github.com/ircmaxell/RandomLib.git",
                "reference": "e9e0204f40e49fa4419946c677eccd3fa25b8cf4"
            },
            "dist": {
                "type": "zip",
                "url": "https://api.github.com/repos/ircmaxell/RandomLib/zipball/e9e0204f40e49fa4419946c677eccd3fa25b8cf4",
                "reference": "e9e0204f40e49fa4419946c677eccd3fa25b8cf4",
                "shasum": ""
            },
            "require": {
                "ircmaxell/security-lib": "^1.1",
                "php": ">=5.3.2"
            },
            "require-dev": {
                "friendsofphp/php-cs-fixer": "^1.11",
                "mikey179/vfsstream": "^1.6",
                "phpunit/phpunit": "^4.8|^5.0"
            },
            "type": "library",
            "extra": {
                "branch-alias": {
                    "dev-master": "1.1.x-dev"
                }
            },
            "autoload": {
                "psr-0": {
                    "RandomLib": "lib"
                }
            },
            "notification-url": "https://packagist.org/downloads/",
            "license": [
                "MIT"
            ],
            "authors": [
                {
                    "name": "Anthony Ferrara",
                    "email": "ircmaxell@ircmaxell.com",
                    "homepage": "http://blog.ircmaxell.com"
                }
            ],
            "description": "A Library For Generating Secure Random Numbers",
            "homepage": "https://github.com/ircmaxell/RandomLib",
            "keywords": [
                "cryptography",
                "random",
                "random-numbers",
                "random-strings"
            ],
            "time": "2016-09-07 15:52:06"
        },
        {
            "name": "ircmaxell/security-lib",
            "version": "v1.1.0",
            "source": {
                "type": "git",
                "url": "https://github.com/ircmaxell/SecurityLib.git",
                "reference": "f3db6de12c20c9bcd1aa3db4353a1bbe0e44e1b5"
            },
            "dist": {
                "type": "zip",
                "url": "https://api.github.com/repos/ircmaxell/SecurityLib/zipball/f3db6de12c20c9bcd1aa3db4353a1bbe0e44e1b5",
                "reference": "f3db6de12c20c9bcd1aa3db4353a1bbe0e44e1b5",
                "shasum": ""
            },
            "require": {
                "php": ">=5.3.2"
            },
            "require-dev": {
                "mikey179/vfsstream": "1.1.*"
            },
            "type": "library",
            "extra": {
                "branch-alias": {
                    "dev-master": "1.0.x-dev"
                }
            },
            "autoload": {
                "psr-0": {
                    "SecurityLib": "lib"
                }
            },
            "notification-url": "https://packagist.org/downloads/",
            "license": [
                "MIT"
            ],
            "authors": [
                {
                    "name": "Anthony Ferrara",
                    "email": "ircmaxell@ircmaxell.com",
                    "homepage": "http://blog.ircmaxell.com"
                }
            ],
            "description": "A Base Security Library",
            "homepage": "https://github.com/ircmaxell/SecurityLib",
            "time": "2015-03-20 14:31:23"
        },
        {
            "name": "league/oauth2-client",
            "version": "1.4.2",
            "source": {
                "type": "git",
                "url": "https://github.com/thephpleague/oauth2-client.git",
                "reference": "01f955b85040b41cf48885b078f7fd39a8be5411"
            },
            "dist": {
                "type": "zip",
                "url": "https://api.github.com/repos/thephpleague/oauth2-client/zipball/01f955b85040b41cf48885b078f7fd39a8be5411",
                "reference": "01f955b85040b41cf48885b078f7fd39a8be5411",
                "shasum": ""
            },
            "require": {
                "ext-curl": "*",
                "guzzlehttp/guzzle": "~6.0",
                "ircmaxell/random-lib": "~1.1",
                "php": ">=5.5.0"
            },
            "require-dev": {
                "jakub-onderka/php-parallel-lint": "0.8.*",
                "mockery/mockery": "~0.9",
                "phpunit/phpunit": "~4.0",
                "satooshi/php-coveralls": "0.6.*",
                "squizlabs/php_codesniffer": "~2.0"
            },
            "type": "library",
            "extra": {
                "branch-alias": {
                    "dev-master": "1.0.x-dev"
                }
            },
            "autoload": {
                "psr-4": {
                    "League\\OAuth2\\Client\\": "src/"
                }
            },
            "notification-url": "https://packagist.org/downloads/",
            "license": [
                "MIT"
            ],
            "authors": [
                {
                    "name": "Alex Bilbie",
                    "email": "hello@alexbilbie.com",
                    "homepage": "http://www.alexbilbie.com",
                    "role": "Developer"
                }
            ],
            "description": "OAuth 2.0 Client Library",
            "keywords": [
                "Authentication",
                "SSO",
                "authorization",
                "identity",
                "idp",
                "oauth",
                "oauth2",
                "single sign on"
            ],
            "time": "2016-07-28 13:20:43"
        },
        {
            "name": "psr/http-message",
            "version": "1.0.1",
            "source": {
                "type": "git",
                "url": "https://github.com/php-fig/http-message.git",
                "reference": "f6561bf28d520154e4b0ec72be95418abe6d9363"
            },
            "dist": {
                "type": "zip",
                "url": "https://api.github.com/repos/php-fig/http-message/zipball/f6561bf28d520154e4b0ec72be95418abe6d9363",
                "reference": "f6561bf28d520154e4b0ec72be95418abe6d9363",
                "shasum": ""
            },
            "require": {
                "php": ">=5.3.0"
            },
            "type": "library",
            "extra": {
                "branch-alias": {
                    "dev-master": "1.0.x-dev"
                }
            },
            "autoload": {
                "psr-4": {
                    "Psr\\Http\\Message\\": "src/"
                }
            },
            "notification-url": "https://packagist.org/downloads/",
            "license": [
                "MIT"
            ],
            "authors": [
                {
                    "name": "PHP-FIG",
                    "homepage": "http://www.php-fig.org/"
                }
            ],
            "description": "Common interface for HTTP messages",
            "homepage": "https://github.com/php-fig/http-message",
            "keywords": [
                "http",
                "http-message",
                "psr",
                "psr-7",
                "request",
                "response"
            ],
            "time": "2016-08-06 14:39:51"
        }
    ],
    "packages-dev": [
        {
            "name": "codegyre/robo",
            "version": "0.7.2",
            "source": {
                "type": "git",
                "url": "https://github.com/consolidation-org/Robo.git",
                "reference": "9982edecb19f59420031dd9855b0d31e861b8b68"
            },
            "dist": {
                "type": "zip",
                "url": "https://api.github.com/repos/consolidation-org/Robo/zipball/9982edecb19f59420031dd9855b0d31e861b8b68",
                "reference": "9982edecb19f59420031dd9855b0d31e861b8b68",
                "shasum": ""
            },
            "require": {
                "henrikbjorn/lurker": "~1.0",
                "php": ">=5.4.0",
                "symfony/console": "~2.5|~3.0",
                "symfony/filesystem": "~2.5|~3.0",
                "symfony/finder": "~2.5|~3.0",
                "symfony/process": "~2.5|~3.0"
            },
            "require-dev": {
                "codeception/aspect-mock": "0.5.4",
                "codeception/base": "~2.1.5",
                "codeception/verify": "0.2.*",
                "natxet/cssmin": "~3.0",
                "patchwork/jsqueeze": "~1.0",
                "pear/archive_tar": "~1.0"
            },
            "suggest": {
                "pear/archive_tar": "Allows tar archives to be created and extracted in taskPack and taskExtract, respectively."
            },
            "bin": [
                "robo"
            ],
            "type": "library",
            "autoload": {
                "psr-4": {
                    "Robo\\": "src"
                }
            },
            "notification-url": "https://packagist.org/downloads/",
            "license": [
                "MIT"
            ],
            "authors": [
                {
                    "name": "Davert",
                    "email": "davert.php@resend.cc"
                }
            ],
            "description": "Modern task runner",
            "time": "2016-04-13 20:14:17"
        },
        {
            "name": "henrikbjorn/lurker",
            "version": "1.2.0",
            "source": {
                "type": "git",
                "url": "https://github.com/flint/Lurker.git",
                "reference": "712d3ef19bef161daa2ba0e0237c6b875587a089"
            },
            "dist": {
                "type": "zip",
                "url": "https://api.github.com/repos/flint/Lurker/zipball/712d3ef19bef161daa2ba0e0237c6b875587a089",
                "reference": "712d3ef19bef161daa2ba0e0237c6b875587a089",
                "shasum": ""
            },
            "require": {
                "php": ">=5.3.3",
                "symfony/config": "^2.2|^3.0",
                "symfony/event-dispatcher": "^2.2|^3.0"
            },
            "suggest": {
                "ext-inotify": ">=0.1.6"
            },
            "type": "library",
            "extra": {
                "branch-alias": {
                    "dev-master": "1.0.x-dev"
                }
            },
            "autoload": {
                "psr-0": {
                    "Lurker": "src"
                }
            },
            "notification-url": "https://packagist.org/downloads/",
            "license": [
                "MIT"
            ],
            "authors": [
                {
                    "name": "Yaroslav Kiliba",
                    "email": "om.dattaya@gmail.com"
                },
                {
                    "name": "Konstantin Kudryashov",
                    "email": "ever.zet@gmail.com"
                },
                {
                    "name": "Henrik Bjrnskov",
                    "email": "henrik@bjrnskov.dk"
                }
            ],
            "description": "Resource Watcher.",
            "keywords": [
                "filesystem",
                "resource",
                "watching"
            ],
            "time": "2016-03-16 15:22:20"
        },
        {
            "name": "psr/log",
            "version": "1.0.2",
            "source": {
                "type": "git",
                "url": "https://github.com/php-fig/log.git",
                "reference": "4ebe3a8bf773a19edfe0a84b6585ba3d401b724d"
            },
            "dist": {
                "type": "zip",
                "url": "https://api.github.com/repos/php-fig/log/zipball/4ebe3a8bf773a19edfe0a84b6585ba3d401b724d",
                "reference": "4ebe3a8bf773a19edfe0a84b6585ba3d401b724d",
                "shasum": ""
            },
            "require": {
                "php": ">=5.3.0"
            },
            "type": "library",
            "extra": {
                "branch-alias": {
                    "dev-master": "1.0.x-dev"
                }
            },
            "autoload": {
                "psr-4": {
                    "Psr\\Log\\": "Psr/Log/"
                }
            },
            "notification-url": "https://packagist.org/downloads/",
            "license": [
                "MIT"
            ],
            "authors": [
                {
                    "name": "PHP-FIG",
                    "homepage": "http://www.php-fig.org/"
                }
            ],
            "description": "Common interface for logging libraries",
            "homepage": "https://github.com/php-fig/log",
            "keywords": [
                "log",
                "psr",
                "psr-3"
            ],
            "time": "2016-10-10 12:19:37"
        },
        {
            "name": "symfony/config",
            "version": "v3.1.7",
            "source": {
                "type": "git",
                "url": "https://github.com/symfony/config.git",
                "reference": "ab4fa32ffe6e625f9b7444e5e8d4702a0bc3ad7a"
            },
            "dist": {
                "type": "zip",
                "url": "https://api.github.com/repos/symfony/config/zipball/ab4fa32ffe6e625f9b7444e5e8d4702a0bc3ad7a",
                "reference": "ab4fa32ffe6e625f9b7444e5e8d4702a0bc3ad7a",
                "shasum": ""
            },
            "require": {
                "php": ">=5.5.9",
                "symfony/filesystem": "~2.8|~3.0"
            },
            "suggest": {
                "symfony/yaml": "To use the yaml reference dumper"
            },
            "type": "library",
            "extra": {
                "branch-alias": {
                    "dev-master": "3.1-dev"
                }
            },
            "autoload": {
                "psr-4": {
                    "Symfony\\Component\\Config\\": ""
                },
                "exclude-from-classmap": [
                    "/Tests/"
                ]
            },
            "notification-url": "https://packagist.org/downloads/",
            "license": [
                "MIT"
            ],
            "authors": [
                {
                    "name": "Fabien Potencier",
                    "email": "fabien@symfony.com"
                },
                {
                    "name": "Symfony Community",
                    "homepage": "https://symfony.com/contributors"
                }
            ],
            "description": "Symfony Config Component",
            "homepage": "https://symfony.com",
            "time": "2016-11-03 08:04:31"
        },
        {
            "name": "symfony/console",
            "version": "v3.1.7",
            "source": {
                "type": "git",
                "url": "https://github.com/symfony/console.git",
                "reference": "5be36e1f3ac7ecbe7e34fb641480ad8497b83aa6"
            },
            "dist": {
                "type": "zip",
                "url": "https://api.github.com/repos/symfony/console/zipball/5be36e1f3ac7ecbe7e34fb641480ad8497b83aa6",
                "reference": "5be36e1f3ac7ecbe7e34fb641480ad8497b83aa6",
                "shasum": ""
            },
            "require": {
                "php": ">=5.5.9",
                "symfony/debug": "~2.8|~3.0",
                "symfony/polyfill-mbstring": "~1.0"
            },
            "require-dev": {
                "psr/log": "~1.0",
                "symfony/event-dispatcher": "~2.8|~3.0",
                "symfony/process": "~2.8|~3.0"
            },
            "suggest": {
                "psr/log": "For using the console logger",
                "symfony/event-dispatcher": "",
                "symfony/process": ""
            },
            "type": "library",
            "extra": {
                "branch-alias": {
                    "dev-master": "3.1-dev"
                }
            },
            "autoload": {
                "psr-4": {
                    "Symfony\\Component\\Console\\": ""
                },
                "exclude-from-classmap": [
                    "/Tests/"
                ]
            },
            "notification-url": "https://packagist.org/downloads/",
            "license": [
                "MIT"
            ],
            "authors": [
                {
                    "name": "Fabien Potencier",
                    "email": "fabien@symfony.com"
                },
                {
                    "name": "Symfony Community",
                    "homepage": "https://symfony.com/contributors"
                }
            ],
            "description": "Symfony Console Component",
            "homepage": "https://symfony.com",
            "time": "2016-11-16 22:17:09"
        },
        {
            "name": "symfony/debug",
            "version": "v3.1.7",
            "source": {
                "type": "git",
                "url": "https://github.com/symfony/debug.git",
                "reference": "c058661c32f5b462722e36d120905940089cbd9a"
            },
            "dist": {
                "type": "zip",
                "url": "https://api.github.com/repos/symfony/debug/zipball/c058661c32f5b462722e36d120905940089cbd9a",
                "reference": "c058661c32f5b462722e36d120905940089cbd9a",
                "shasum": ""
            },
            "require": {
                "php": ">=5.5.9",
                "psr/log": "~1.0"
            },
            "conflict": {
                "symfony/http-kernel": ">=2.3,<2.3.24|~2.4.0|>=2.5,<2.5.9|>=2.6,<2.6.2"
            },
            "require-dev": {
                "symfony/class-loader": "~2.8|~3.0",
                "symfony/http-kernel": "~2.8|~3.0"
            },
            "type": "library",
            "extra": {
                "branch-alias": {
                    "dev-master": "3.1-dev"
                }
            },
            "autoload": {
                "psr-4": {
                    "Symfony\\Component\\Debug\\": ""
                },
                "exclude-from-classmap": [
                    "/Tests/"
                ]
            },
            "notification-url": "https://packagist.org/downloads/",
            "license": [
                "MIT"
            ],
            "authors": [
                {
                    "name": "Fabien Potencier",
                    "email": "fabien@symfony.com"
                },
                {
                    "name": "Symfony Community",
                    "homepage": "https://symfony.com/contributors"
                }
            ],
            "description": "Symfony Debug Component",
            "homepage": "https://symfony.com",
            "time": "2016-11-15 12:55:20"
        },
        {
            "name": "symfony/event-dispatcher",
            "version": "v3.1.7",
            "source": {
                "type": "git",
                "url": "https://github.com/symfony/event-dispatcher.git",
                "reference": "28b0832b2553ffb80cabef6a7a812ff1e670c0bc"
            },
            "dist": {
                "type": "zip",
                "url": "https://api.github.com/repos/symfony/event-dispatcher/zipball/28b0832b2553ffb80cabef6a7a812ff1e670c0bc",
                "reference": "28b0832b2553ffb80cabef6a7a812ff1e670c0bc",
                "shasum": ""
            },
            "require": {
                "php": ">=5.5.9"
            },
            "require-dev": {
                "psr/log": "~1.0",
                "symfony/config": "~2.8|~3.0",
                "symfony/dependency-injection": "~2.8|~3.0",
                "symfony/expression-language": "~2.8|~3.0",
                "symfony/stopwatch": "~2.8|~3.0"
            },
            "suggest": {
                "symfony/dependency-injection": "",
                "symfony/http-kernel": ""
            },
            "type": "library",
            "extra": {
                "branch-alias": {
                    "dev-master": "3.1-dev"
                }
            },
            "autoload": {
                "psr-4": {
                    "Symfony\\Component\\EventDispatcher\\": ""
                },
                "exclude-from-classmap": [
                    "/Tests/"
                ]
            },
            "notification-url": "https://packagist.org/downloads/",
            "license": [
                "MIT"
            ],
            "authors": [
                {
                    "name": "Fabien Potencier",
                    "email": "fabien@symfony.com"
                },
                {
                    "name": "Symfony Community",
                    "homepage": "https://symfony.com/contributors"
                }
            ],
            "description": "Symfony EventDispatcher Component",
            "homepage": "https://symfony.com",
            "time": "2016-10-13 06:28:43"
        },
        {
            "name": "symfony/filesystem",
            "version": "v3.1.7",
            "source": {
                "type": "git",
                "url": "https://github.com/symfony/filesystem.git",
                "reference": "0565b61bf098cb4dc09f4f103f033138ae4f42c6"
            },
            "dist": {
                "type": "zip",
                "url": "https://api.github.com/repos/symfony/filesystem/zipball/0565b61bf098cb4dc09f4f103f033138ae4f42c6",
                "reference": "0565b61bf098cb4dc09f4f103f033138ae4f42c6",
                "shasum": ""
            },
            "require": {
                "php": ">=5.5.9"
            },
            "type": "library",
            "extra": {
                "branch-alias": {
                    "dev-master": "3.1-dev"
                }
            },
            "autoload": {
                "psr-4": {
                    "Symfony\\Component\\Filesystem\\": ""
                },
                "exclude-from-classmap": [
                    "/Tests/"
                ]
            },
            "notification-url": "https://packagist.org/downloads/",
            "license": [
                "MIT"
            ],
            "authors": [
                {
                    "name": "Fabien Potencier",
                    "email": "fabien@symfony.com"
                },
                {
                    "name": "Symfony Community",
                    "homepage": "https://symfony.com/contributors"
                }
            ],
            "description": "Symfony Filesystem Component",
            "homepage": "https://symfony.com",
            "time": "2016-10-18 04:30:12"
        },
        {
            "name": "symfony/finder",
            "version": "v3.1.7",
            "source": {
                "type": "git",
                "url": "https://github.com/symfony/finder.git",
                "reference": "9925935bf7144f9e4d2b976905881b4face036fb"
            },
            "dist": {
                "type": "zip",
                "url": "https://api.github.com/repos/symfony/finder/zipball/9925935bf7144f9e4d2b976905881b4face036fb",
                "reference": "9925935bf7144f9e4d2b976905881b4face036fb",
                "shasum": ""
            },
            "require": {
                "php": ">=5.5.9"
            },
            "type": "library",
            "extra": {
                "branch-alias": {
                    "dev-master": "3.1-dev"
                }
            },
            "autoload": {
                "psr-4": {
                    "Symfony\\Component\\Finder\\": ""
                },
                "exclude-from-classmap": [
                    "/Tests/"
                ]
            },
            "notification-url": "https://packagist.org/downloads/",
            "license": [
                "MIT"
            ],
            "authors": [
                {
                    "name": "Fabien Potencier",
                    "email": "fabien@symfony.com"
                },
                {
                    "name": "Symfony Community",
                    "homepage": "https://symfony.com/contributors"
                }
            ],
            "description": "Symfony Finder Component",
            "homepage": "https://symfony.com",
            "time": "2016-11-03 08:04:31"
        },
        {
            "name": "symfony/polyfill-mbstring",
            "version": "v1.3.0",
            "source": {
                "type": "git",
                "url": "https://github.com/symfony/polyfill-mbstring.git",
                "reference": "e79d363049d1c2128f133a2667e4f4190904f7f4"
            },
            "dist": {
                "type": "zip",
                "url": "https://api.github.com/repos/symfony/polyfill-mbstring/zipball/e79d363049d1c2128f133a2667e4f4190904f7f4",
                "reference": "e79d363049d1c2128f133a2667e4f4190904f7f4",
                "shasum": ""
            },
            "require": {
                "php": ">=5.3.3"
            },
            "suggest": {
                "ext-mbstring": "For best performance"
            },
            "type": "library",
            "extra": {
                "branch-alias": {
                    "dev-master": "1.3-dev"
                }
            },
            "autoload": {
                "psr-4": {
                    "Symfony\\Polyfill\\Mbstring\\": ""
                },
                "files": [
                    "bootstrap.php"
                ]
            },
            "notification-url": "https://packagist.org/downloads/",
            "license": [
                "MIT"
            ],
            "authors": [
                {
                    "name": "Nicolas Grekas",
                    "email": "p@tchwork.com"
                },
                {
                    "name": "Symfony Community",
                    "homepage": "https://symfony.com/contributors"
                }
            ],
            "description": "Symfony polyfill for the Mbstring extension",
            "homepage": "https://symfony.com",
            "keywords": [
                "compatibility",
                "mbstring",
                "polyfill",
                "portable",
                "shim"
            ],
            "time": "2016-11-14 01:06:16"
        },
        {
            "name": "symfony/process",
            "version": "v3.1.7",
            "source": {
                "type": "git",
                "url": "https://github.com/symfony/process.git",
                "reference": "66de154ae86b1a07001da9fbffd620206e4faf94"
            },
            "dist": {
                "type": "zip",
                "url": "https://api.github.com/repos/symfony/process/zipball/66de154ae86b1a07001da9fbffd620206e4faf94",
                "reference": "66de154ae86b1a07001da9fbffd620206e4faf94",
                "shasum": ""
            },
            "require": {
                "php": ">=5.5.9"
            },
            "type": "library",
            "extra": {
                "branch-alias": {
                    "dev-master": "3.1-dev"
                }
            },
            "autoload": {
                "psr-4": {
                    "Symfony\\Component\\Process\\": ""
                },
                "exclude-from-classmap": [
                    "/Tests/"
                ]
            },
            "notification-url": "https://packagist.org/downloads/",
            "license": [
                "MIT"
            ],
            "authors": [
                {
                    "name": "Fabien Potencier",
                    "email": "fabien@symfony.com"
                },
                {
                    "name": "Symfony Community",
                    "homepage": "https://symfony.com/contributors"
                }
            ],
            "description": "Symfony Process Component",
            "homepage": "https://symfony.com",
            "time": "2016-09-29 14:13:09"
        }
    ],
    "aliases": [],
    "minimum-stability": "stable",
    "stability-flags": [],
    "prefer-stable": false,
    "prefer-lowest": false,
    "platform": [],
    "platform-dev": []
}
